
Microsoft Visual Studio Solution File, Format Version 12.00
# Visual Studio Version 16
VisualStudioVersion = 16.0.29311.281
MinimumVisualStudioVersion = 10.0.40219.1
Project("{FAE04EC0-301F-11D3-BF4B-00C04F79EFBC}") = "TipCalculator.Core", "TipCalculator.Core\TipCalculator.Core.csproj", "{2D18F45D-C09B-4A02-B928-AE5BFBC39521}"
EndProject
Project("{FAE04EC0-301F-11D3-BF4B-00C04F79EFBC}") = "TipCalculator.Android", "TipCalculator.Android\TipCalculator.Android.csproj", "{1B050D7B-1713-418D-81DC-6075C22D429B}"
EndProject
Project("{2150E333-8FDC-42A3-9474-1A3956D46DE8}") = "Factorial", "Factorial", "{55DD1EB5-DC78-4AE8-88F9-E71E65DEC76A}"
EndProject
Project("{FAE04EC0-301F-11D3-BF4B-00C04F79EFBC}") = "Factorial.Core", "Factorial.Core\Factorial.Core.csproj", "{83848AF2-C761-49F1-87DE-019BE0ADFFD6}"
EndProject
Global
	GlobalSection(SolutionConfigurationPlatforms) = preSolution
		Debug|Any CPU = Debug|Any CPU
		Release|Any CPU = Release|Any CPU
	EndGlobalSection
	GlobalSection(ProjectConfigurationPlatforms) = postSolution
		{2D18F45D-C09B-4A02-B928-AE5BFBC39521}.Debug|Any CPU.ActiveCfg = Debug|Any CPU
		{2D18F45D-C09B-4A02-B928-AE5BFBC39521}.Debug|Any CPU.Build.0 = Debug|Any CPU
		{2D18F45D-C09B-4A02-B928-AE5BFBC39521}.Release|Any CPU.ActiveCfg = Release|Any CPU
		{2D18F45D-C09B-4A02-B928-AE5BFBC39521}.Release|Any CPU.Build.0 = Release|Any CPU
		{1B050D7B-1713-418D-81DC-6075C22D429B}.Debug|Any CPU.ActiveCfg = Debug|Any CPU
		{1B050D7B-1713-418D-81DC-6075C22D429B}.Debug|Any CPU.Build.0 = Debug|Any CPU
		{1B050D7B-1713-418D-81DC-6075C22D429B}.Debug|Any CPU.Deploy.0 = Debug|Any CPU
		{1B050D7B-1713-418D-81DC-6075C22D429B}.Release|Any CPU.ActiveCfg = Release|Any CPU
		{1B050D7B-1713-418D-81DC-6075C22D429B}.Release|Any CPU.Build.0 = Release|Any CPU
		{1B050D7B-1713-418D-81DC-6075C22D429B}.Release|Any CPU.Deploy.0 = Release|Any CPU
		{83848AF2-C761-49F1-87DE-019BE0ADFFD6}.Debug|Any CPU.ActiveCfg = Debug|Any CPU
		{83848AF2-C761-49F1-87DE-019BE0ADFFD6}.Debug|Any CPU.Build.0 = Debug|Any CPU
		{83848AF2-C761-49F1-87DE-019BE0ADFFD6}.Release|Any CPU.ActiveCfg = Release|Any CPU
		{83848AF2-C761-49F1-87DE-019BE0ADFFD6}.Release|Any CPU.Build.0 = Release|Any CPU
	EndGlobalSection
	GlobalSection(SolutionProperties) = preSolution
		HideSolutionNode = FALSE
	EndGlobalSection
	GlobalSection(NestedProjects) = preSolution
		{83848AF2-C761-49F1-87DE-019BE0ADFFD6} = {55DD1EB5-DC78-4AE8-88F9-E71E65DEC76A}
	EndGlobalSection
	GlobalSection(ExtensibilityGlobals) = postSolution
		SolutionGuid = {B47D34DE-CA16-48BB-9834-E0EBD56FF19A}
	EndGlobalSection
EndGlobal
